
Microsoft Visual Studio Solution File, Format Version 12.00
# Visual Studio Version 16
VisualStudioVersion = 16.0.31911.196
MinimumVisualStudioVersion = 10.0.40219.1
Project("{FAE04EC0-301F-11D3-BF4B-00C04F79EFBC}") = "ShinyPOCDryIoc", "ShinyPOCDryIoc\ShinyPOCDryIoc\ShinyPOCDryIoc.csproj", "{C64D227C-6AFB-47A9-8658-FCEB3F89D796}"
EndProject
Project("{FAE04EC0-301F-11D3-BF4B-00C04F79EFBC}") = "ShinyPOCDryIoc.Android", "ShinyPOCDryIoc\ShinyPOCDryIoc.Android\ShinyPOCDryIoc.Android.csproj", "{2044E76D-2878-41F5-8865-74236C7E8FFC}"
EndProject
Project("{FAE04EC0-301F-11D3-BF4B-00C04F79EFBC}") = "ShinyPOCDryIoc.iOS", "ShinyPOCDryIoc\ShinyPOCDryIoc.iOS\ShinyPOCDryIoc.iOS.csproj", "{CAC56D71-2069-4FF3-9BD9-AB2B41A5764C}"
EndProject
Project("{FAE04EC0-301F-11D3-BF4B-00C04F79EFBC}") = "ShinyPOCDryIoc.UWP", "ShinyPOCDryIoc\ShinyPOCDryIoc.UWP\ShinyPOCDryIoc.UWP.csproj", "{36CD7D4D-4B55-49D2-84B6-7FC959B9A76F}"
EndProject
Global
	GlobalSection(SolutionConfigurationPlatforms) = preSolution
		Ad-Hoc|Any CPU = Ad-Hoc|Any CPU
		Ad-Hoc|ARM = Ad-Hoc|ARM
		Ad-Hoc|iPhone = Ad-Hoc|iPhone
		Ad-Hoc|iPhoneSimulator = Ad-Hoc|iPhoneSimulator
		Ad-Hoc|x64 = Ad-Hoc|x64
		Ad-Hoc|x86 = Ad-Hoc|x86
		AppStore|Any CPU = AppStore|Any CPU
		AppStore|ARM = AppStore|ARM
		AppStore|iPhone = AppStore|iPhone
		AppStore|iPhoneSimulator = AppStore|iPhoneSimulator
		AppStore|x64 = AppStore|x64
		AppStore|x86 = AppStore|x86
		Debug|Any CPU = Debug|Any CPU
		Debug|ARM = Debug|ARM
		Debug|iPhone = Debug|iPhone
		Debug|iPhoneSimulator = Debug|iPhoneSimulator
		Debug|x64 = Debug|x64
		Debug|x86 = Debug|x86
		Release|Any CPU = Release|Any CPU
		Release|ARM = Release|ARM
		Release|iPhone = Release|iPhone
		Release|iPhoneSimulator = Release|iPhoneSimulator
		Release|x64 = Release|x64
		Release|x86 = Release|x86
	EndGlobalSection
	GlobalSection(ProjectConfigurationPlatforms) = postSolution
		{C64D227C-6AFB-47A9-8658-FCEB3F89D796}.Ad-Hoc|Any CPU.ActiveCfg = Debug|Any CPU
		{C64D227C-6AFB-47A9-8658-FCEB3F89D796}.Ad-Hoc|Any CPU.Build.0 = Debug|Any CPU
		{C64D227C-6AFB-47A9-8658-FCEB3F89D796}.Ad-Hoc|ARM.ActiveCfg = Debug|Any CPU
		{C64D227C-6AFB-47A9-8658-FCEB3F89D796}.Ad-Hoc|ARM.Build.0 = Debug|Any CPU
		{C64D227C-6AFB-47A9-8658-FCEB3F89D796}.Ad-Hoc|iPhone.ActiveCfg = Debug|Any CPU
		{C64D227C-6AFB-47A9-8658-FCEB3F89D796}.Ad-Hoc|iPhone.Build.0 = Debug|Any CPU
		{C64D227C-6AFB-47A9-8658-FCEB3F89D796}.Ad-Hoc|iPhoneSimulator.ActiveCfg = Debug|Any CPU
		{C64D227C-6AFB-47A9-8658-FCEB3F89D796}.Ad-Hoc|iPhoneSimulator.Build.0 = Debug|Any CPU
		{C64D227C-6AFB-47A9-8658-FCEB3F89D796}.Ad-Hoc|x64.ActiveCfg = Debug|Any CPU
		{C64D227C-6AFB-47A9-8658-FCEB3F89D796}.Ad-Hoc|x64.Build.0 = Debug|Any CPU
		{C64D227C-6AFB-47A9-8658-FCEB3F89D796}.Ad-Hoc|x86.ActiveCfg = Debug|Any CPU
		{C64D227C-6AFB-47A9-8658-FCEB3F89D796}.Ad-Hoc|x86.Build.0 = Debug|Any CPU
		{C64D227C-6AFB-47A9-8658-FCEB3F89D796}.AppStore|Any CPU.ActiveCfg = Debug|Any CPU
		{C64D227C-6AFB-47A9-8658-FCEB3F89D796}.AppStore|Any CPU.Build.0 = Debug|Any CPU
		{C64D227C-6AFB-47A9-8658-FCEB3F89D796}.AppStore|ARM.ActiveCfg = Debug|Any CPU
		{C64D227C-6AFB-47A9-8658-FCEB3F89D796}.AppStore|ARM.Build.0 = Debug|Any CPU
		{C64D227C-6AFB-47A9-8658-FCEB3F89D796}.AppStore|iPhone.ActiveCfg = Debug|Any CPU
		{C64D227C-6AFB-47A9-8658-FCEB3F89D796}.AppStore|iPhone.Build.0 = Debug|Any CPU
		{C64D227C-6AFB-47A9-8658-FCEB3F89D796}.AppStore|iPhoneSimulator.ActiveCfg = Debug|Any CPU
		{C64D227C-6AFB-47A9-8658-FCEB3F89D796}.AppStore|iPhoneSimulator.Build.0 = Debug|Any CPU
		{C64D227C-6AFB-47A9-8658-FCEB3F89D796}.AppStore|x64.ActiveCfg = Debug|Any CPU
		{C64D227C-6AFB-47A9-8658-FCEB3F89D796}.AppStore|x64.Build.0 = Debug|Any CPU
		{C64D227C-6AFB-47A9-8658-FCEB3F89D796}.AppStore|x86.ActiveCfg = Debug|Any CPU
		{C64D227C-6AFB-47A9-8658-FCEB3F89D796}.AppStore|x86.Build.0 = Debug|Any CPU
		{C64D227C-6AFB-47A9-8658-FCEB3F89D796}.Debug|Any CPU.ActiveCfg = Debug|Any CPU
		{C64D227C-6AFB-47A9-8658-FCEB3F89D796}.Debug|Any CPU.Build.0 = Debug|Any CPU
		{C64D227C-6AFB-47A9-8658-FCEB3F89D796}.Debug|ARM.ActiveCfg = Debug|Any CPU
		{C64D227C-6AFB-47A9-8658-FCEB3F89D796}.Debug|ARM.Build.0 = Debug|Any CPU
		{C64D227C-6AFB-47A9-8658-FCEB3F89D796}.Debug|iPhone.ActiveCfg = Debug|Any CPU
		{C64D227C-6AFB-47A9-8658-FCEB3F89D796}.Debug|iPhone.Build.0 = Debug|Any CPU
		{C64D227C-6AFB-47A9-8658-FCEB3F89D796}.Debug|iPhoneSimulator.ActiveCfg = Debug|Any CPU
		{C64D227C-6AFB-47A9-8658-FCEB3F89D796}.Debug|iPhoneSimulator.Build.0 = Debug|Any CPU
		{C64D227C-6AFB-47A9-8658-FCEB3F89D796}.Debug|x64.ActiveCfg = Debug|Any CPU
		{C64D227C-6AFB-47A9-8658-FCEB3F89D796}.Debug|x64.Build.0 = Debug|Any CPU
		{C64D227C-6AFB-47A9-8658-FCEB3F89D796}.Debug|x86.ActiveCfg = Debug|Any CPU
		{C64D227C-6AFB-47A9-8658-FCEB3F89D796}.Debug|x86.Build.0 = Debug|Any CPU
		{C64D227C-6AFB-47A9-8658-FCEB3F89D796}.Release|Any CPU.ActiveCfg = Release|Any CPU
		{C64D227C-6AFB-47A9-8658-FCEB3F89D796}.Release|Any CPU.Build.0 = Release|Any CPU
		{C64D227C-6AFB-47A9-8658-FCEB3F89D796}.Release|ARM.ActiveCfg = Release|Any CPU
		{C64D227C-6AFB-47A9-8658-FCEB3F89D796}.Release|ARM.Build.0 = Release|Any CPU
		{C64D227C-6AFB-47A9-8658-FCEB3F89D796}.Release|iPhone.ActiveCfg = Release|Any CPU
		{C64D227C-6AFB-47A9-8658-FCEB3F89D796}.Release|iPhone.Build.0 = Release|Any CPU
		{C64D227C-6AFB-47A9-8658-FCEB3F89D796}.Release|iPhoneSimulator.ActiveCfg = Release|Any CPU
		{C64D227C-6AFB-47A9-8658-FCEB3F89D796}.Release|iPhoneSimulator.Build.0 = Release|Any CPU
		{C64D227C-6AFB-47A9-8658-FCEB3F89D796}.Release|x64.ActiveCfg = Release|Any CPU
		{C64D227C-6AFB-47A9-8658-FCEB3F89D796}.Release|x64.Build.0 = Release|Any CPU
		{C64D227C-6AFB-47A9-8658-FCEB3F89D796}.Release|x86.ActiveCfg = Release|Any CPU
		{C64D227C-6AFB-47A9-8658-FCEB3F89D796}.Release|x86.Build.0 = Release|Any CPU
		{2044E76D-2878-41F5-8865-74236C7E8FFC}.Ad-Hoc|Any CPU.ActiveCfg = Debug|Any CPU
		{2044E76D-2878-41F5-8865-74236C7E8FFC}.Ad-Hoc|Any CPU.Build.0 = Debug|Any CPU
		{2044E76D-2878-41F5-8865-74236C7E8FFC}.Ad-Hoc|Any CPU.Deploy.0 = Debug|Any CPU
		{2044E76D-2878-41F5-8865-74236C7E8FFC}.Ad-Hoc|ARM.ActiveCfg = Debug|Any CPU
		{2044E76D-2878-41F5-8865-74236C7E8FFC}.Ad-Hoc|ARM.Build.0 = Debug|Any CPU
		{2044E76D-2878-41F5-8865-74236C7E8FFC}.Ad-Hoc|ARM.Deploy.0 = Debug|Any CPU
		{2044E76D-2878-41F5-8865-74236C7E8FFC}.Ad-Hoc|iPhone.ActiveCfg = Debug|Any CPU
		{2044E76D-2878-41F5-8865-74236C7E8FFC}.Ad-Hoc|iPhone.Build.0 = Debug|Any CPU
		{2044E76D-2878-41F5-8865-74236C7E8FFC}.Ad-Hoc|iPhone.Deploy.0 = Debug|Any CPU
		{2044E76D-2878-41F5-8865-74236C7E8FFC}.Ad-Hoc|iPhoneSimulator.ActiveCfg = Debug|Any CPU
		{2044E76D-2878-41F5-8865-74236C7E8FFC}.Ad-Hoc|iPhoneSimulator.Build.0 = Debug|Any CPU
		{2044E76D-2878-41F5-8865-74236C7E8FFC}.Ad-Hoc|iPhoneSimulator.Deploy.0 = Debug|Any CPU
		{2044E76D-2878-41F5-8865-74236C7E8FFC}.Ad-Hoc|x64.ActiveCfg = Debug|Any CPU
		{2044E76D-2878-41F5-8865-74236C7E8FFC}.Ad-Hoc|x64.Build.0 = Debug|Any CPU
		{2044E76D-2878-41F5-8865-74236C7E8FFC}.Ad-Hoc|x64.Deploy.0 = Debug|Any CPU
		{2044E76D-2878-41F5-8865-74236C7E8FFC}.Ad-Hoc|x86.ActiveCfg = Debug|Any CPU
		{2044E76D-2878-41F5-8865-74236C7E8FFC}.Ad-Hoc|x86.Build.0 = Debug|Any CPU
		{2044E76D-2878-41F5-8865-74236C7E8FFC}.Ad-Hoc|x86.Deploy.0 = Debug|Any CPU
		{2044E76D-2878-41F5-8865-74236C7E8FFC}.AppStore|Any CPU.ActiveCfg = Debug|Any CPU
		{2044E76D-2878-41F5-8865-74236C7E8FFC}.AppStore|Any CPU.Build.0 = Debug|Any CPU
		{2044E76D-2878-41F5-8865-74236C7E8FFC}.AppStore|Any CPU.Deploy.0 = Debug|Any CPU
		{2044E76D-2878-41F5-8865-74236C7E8FFC}.AppStore|ARM.ActiveCfg = Debug|Any CPU
		{2044E76D-2878-41F5-8865-74236C7E8FFC}.AppStore|ARM.Build.0 = Debug|Any CPU
		{2044E76D-2878-41F5-8865-74236C7E8FFC}.AppStore|ARM.Deploy.0 = Debug|Any CPU
		{2044E76D-2878-41F5-8865-74236C7E8FFC}.AppStore|iPhone.ActiveCfg = Debug|Any CPU
		{2044E76D-2878-41F5-8865-74236C7E8FFC}.AppStore|iPhone.Build.0 = Debug|Any CPU
		{2044E76D-2878-41F5-8865-74236C7E8FFC}.AppStore|iPhone.Deploy.0 = Debug|Any CPU
		{2044E76D-2878-41F5-8865-74236C7E8FFC}.AppStore|iPhoneSimulator.ActiveCfg = Debug|Any CPU
		{2044E76D-2878-41F5-8865-74236C7E8FFC}.AppStore|iPhoneSimulator.Build.0 = Debug|Any CPU
		{2044E76D-2878-41F5-8865-74236C7E8FFC}.AppStore|iPhoneSimulator.Deploy.0 = Debug|Any CPU
		{2044E76D-2878-41F5-8865-74236C7E8FFC}.AppStore|x64.ActiveCfg = Debug|Any CPU
		{2044E76D-2878-41F5-8865-74236C7E8FFC}.AppStore|x64.Build.0 = Debug|Any CPU
		{2044E76D-2878-41F5-8865-74236C7E8FFC}.AppStore|x64.Deploy.0 = Debug|Any CPU
		{2044E76D-2878-41F5-8865-74236C7E8FFC}.AppStore|x86.ActiveCfg = Debug|Any CPU
		{2044E76D-2878-41F5-8865-74236C7E8FFC}.AppStore|x86.Build.0 = Debug|Any CPU
		{2044E76D-2878-41F5-8865-74236C7E8FFC}.AppStore|x86.Deploy.0 = Debug|Any CPU
		{2044E76D-2878-41F5-8865-74236C7E8FFC}.Debug|Any CPU.ActiveCfg = Debug|Any CPU
		{2044E76D-2878-41F5-8865-74236C7E8FFC}.Debug|Any CPU.Build.0 = Debug|Any CPU
		{2044E76D-2878-41F5-8865-74236C7E8FFC}.Debug|Any CPU.Deploy.0 = Debug|Any CPU
		{2044E76D-2878-41F5-8865-74236C7E8FFC}.Debug|ARM.ActiveCfg = Debug|Any CPU
		{2044E76D-2878-41F5-8865-74236C7E8FFC}.Debug|ARM.Build.0 = Debug|Any CPU
		{2044E76D-2878-41F5-8865-74236C7E8FFC}.Debug|ARM.Deploy.0 = Debug|Any CPU
		{2044E76D-2878-41F5-8865-74236C7E8FFC}.Debug|iPhone.ActiveCfg = Debug|Any CPU
		{2044E76D-2878-41F5-8865-74236C7E8FFC}.Debug|iPhone.Build.0 = Debug|Any CPU
		{2044E76D-2878-41F5-8865-74236C7E8FFC}.Debug|iPhone.Deploy.0 = Debug|Any CPU
		{2044E76D-2878-41F5-8865-74236C7E8FFC}.Debug|iPhoneSimulator.ActiveCfg = Debug|Any CPU
		{2044E76D-2878-41F5-8865-74236C7E8FFC}.Debug|iPhoneSimulator.Build.0 = Debug|Any CPU
		{2044E76D-2878-41F5-8865-74236C7E8FFC}.Debug|iPhoneSimulator.Deploy.0 = Debug|Any CPU
		{2044E76D-2878-41F5-8865-74236C7E8FFC}.Debug|x64.ActiveCfg = Debug|Any CPU
		{2044E76D-2878-41F5-8865-74236C7E8FFC}.Debug|x64.Build.0 = Debug|Any CPU
		{2044E76D-2878-41F5-8865-74236C7E8FFC}.Debug|x64.Deploy.0 = Debug|Any CPU
		{2044E76D-2878-41F5-8865-74236C7E8FFC}.Debug|x86.ActiveCfg = Debug|Any CPU
		{2044E76D-2878-41F5-8865-74236C7E8FFC}.Debug|x86.Build.0 = Debug|Any CPU
		{2044E76D-2878-41F5-8865-74236C7E8FFC}.Debug|x86.Deploy.0 = Debug|Any CPU
		{2044E76D-2878-41F5-8865-74236C7E8FFC}.Release|Any CPU.ActiveCfg = Release|Any CPU
		{2044E76D-2878-41F5-8865-74236C7E8FFC}.Release|Any CPU.Build.0 = Release|Any CPU
		{2044E76D-2878-41F5-8865-74236C7E8FFC}.Release|Any CPU.Deploy.0 = Release|Any CPU
		{2044E76D-2878-41F5-8865-74236C7E8FFC}.Release|ARM.ActiveCfg = Release|Any CPU
		{2044E76D-2878-41F5-8865-74236C7E8FFC}.Release|ARM.Build.0 = Release|Any CPU
		{2044E76D-2878-41F5-8865-74236C7E8FFC}.Release|ARM.Deploy.0 = Release|Any CPU
		{2044E76D-2878-41F5-8865-74236C7E8FFC}.Release|iPhone.ActiveCfg = Release|Any CPU
		{2044E76D-2878-41F5-8865-74236C7E8FFC}.Release|iPhone.Build.0 = Release|Any CPU
		{2044E76D-2878-41F5-8865-74236C7E8FFC}.Release|iPhone.Deploy.0 = Release|Any CPU
		{2044E76D-2878-41F5-8865-74236C7E8FFC}.Release|iPhoneSimulator.ActiveCfg = Release|Any CPU
		{2044E76D-2878-41F5-8865-74236C7E8FFC}.Release|iPhoneSimulator.Build.0 = Release|Any CPU
		{2044E76D-2878-41F5-8865-74236C7E8FFC}.Release|iPhoneSimulator.Deploy.0 = Release|Any CPU
		{2044E76D-2878-41F5-8865-74236C7E8FFC}.Release|x64.ActiveCfg = Release|Any CPU
		{2044E76D-2878-41F5-8865-74236C7E8FFC}.Release|x64.Build.0 = Release|Any CPU
		{2044E76D-2878-41F5-8865-74236C7E8FFC}.Release|x64.Deploy.0 = Release|Any CPU
		{2044E76D-2878-41F5-8865-74236C7E8FFC}.Release|x86.ActiveCfg = Release|Any CPU
		{2044E76D-2878-41F5-8865-74236C7E8FFC}.Release|x86.Build.0 = Release|Any CPU
		{2044E76D-2878-41F5-8865-74236C7E8FFC}.Release|x86.Deploy.0 = Release|Any CPU
		{CAC56D71-2069-4FF3-9BD9-AB2B41A5764C}.Ad-Hoc|Any CPU.ActiveCfg = Ad-Hoc|iPhoneSimulator
		{CAC56D71-2069-4FF3-9BD9-AB2B41A5764C}.Ad-Hoc|ARM.ActiveCfg = Ad-Hoc|iPhoneSimulator
		{CAC56D71-2069-4FF3-9BD9-AB2B41A5764C}.Ad-Hoc|iPhone.ActiveCfg = Ad-Hoc|iPhone
		{CAC56D71-2069-4FF3-9BD9-AB2B41A5764C}.Ad-Hoc|iPhone.Build.0 = Ad-Hoc|iPhone
		{CAC56D71-2069-4FF3-9BD9-AB2B41A5764C}.Ad-Hoc|iPhoneSimulator.ActiveCfg = Ad-Hoc|iPhoneSimulator
		{CAC56D71-2069-4FF3-9BD9-AB2B41A5764C}.Ad-Hoc|iPhoneSimulator.Build.0 = Ad-Hoc|iPhoneSimulator
		{CAC56D71-2069-4FF3-9BD9-AB2B41A5764C}.Ad-Hoc|x64.ActiveCfg = Ad-Hoc|iPhoneSimulator
		{CAC56D71-2069-4FF3-9BD9-AB2B41A5764C}.Ad-Hoc|x86.ActiveCfg = Ad-Hoc|iPhoneSimulator
		{CAC56D71-2069-4FF3-9BD9-AB2B41A5764C}.AppStore|Any CPU.ActiveCfg = AppStore|iPhoneSimulator
		{CAC56D71-2069-4FF3-9BD9-AB2B41A5764C}.AppStore|ARM.ActiveCfg = AppStore|iPhoneSimulator
		{CAC56D71-2069-4FF3-9BD9-AB2B41A5764C}.AppStore|iPhone.ActiveCfg = AppStore|iPhone
		{CAC56D71-2069-4FF3-9BD9-AB2B41A5764C}.AppStore|iPhone.Build.0 = AppStore|iPhone
		{CAC56D71-2069-4FF3-9BD9-AB2B41A5764C}.AppStore|iPhoneSimulator.ActiveCfg = AppStore|iPhoneSimulator
		{CAC56D71-2069-4FF3-9BD9-AB2B41A5764C}.AppStore|iPhoneSimulator.Build.0 = AppStore|iPhoneSimulator
		{CAC56D71-2069-4FF3-9BD9-AB2B41A5764C}.AppStore|x64.ActiveCfg = AppStore|iPhoneSimulator
		{CAC56D71-2069-4FF3-9BD9-AB2B41A5764C}.AppStore|x86.ActiveCfg = AppStore|iPhoneSimulator
		{CAC56D71-2069-4FF3-9BD9-AB2B41A5764C}.Debug|Any CPU.ActiveCfg = Debug|iPhoneSimulator
		{CAC56D71-2069-4FF3-9BD9-AB2B41A5764C}.Debug|ARM.ActiveCfg = Debug|iPhoneSimulator
		{CAC56D71-2069-4FF3-9BD9-AB2B41A5764C}.Debug|iPhone.ActiveCfg = Debug|iPhone
		{CAC56D71-2069-4FF3-9BD9-AB2B41A5764C}.Debug|iPhone.Build.0 = Debug|iPhone
		{CAC56D71-2069-4FF3-9BD9-AB2B41A5764C}.Debug|iPhoneSimulator.ActiveCfg = Debug|iPhoneSimulator
		{CAC56D71-2069-4FF3-9BD9-AB2B41A5764C}.Debug|iPhoneSimulator.Build.0 = Debug|iPhoneSimulator
		{CAC56D71-2069-4FF3-9BD9-AB2B41A5764C}.Debug|x64.ActiveCfg = Debug|iPhoneSimulator
		{CAC56D71-2069-4FF3-9BD9-AB2B41A5764C}.Debug|x86.ActiveCfg = Debug|iPhoneSimulator
		{CAC56D71-2069-4FF3-9BD9-AB2B41A5764C}.Release|Any CPU.ActiveCfg = Release|iPhoneSimulator
		{CAC56D71-2069-4FF3-9BD9-AB2B41A5764C}.Release|ARM.ActiveCfg = Release|iPhoneSimulator
		{CAC56D71-2069-4FF3-9BD9-AB2B41A5764C}.Release|iPhone.ActiveCfg = Release|iPhone
		{CAC56D71-2069-4FF3-9BD9-AB2B41A5764C}.Release|iPhone.Build.0 = Release|iPhone
		{CAC56D71-2069-4FF3-9BD9-AB2B41A5764C}.Release|iPhoneSimulator.ActiveCfg = Release|iPhoneSimulator
		{CAC56D71-2069-4FF3-9BD9-AB2B41A5764C}.Release|iPhoneSimulator.Build.0 = Release|iPhoneSimulator
		{CAC56D71-2069-4FF3-9BD9-AB2B41A5764C}.Release|x64.ActiveCfg = Release|iPhoneSimulator
		{CAC56D71-2069-4FF3-9BD9-AB2B41A5764C}.Release|x86.ActiveCfg = Release|iPhoneSimulator
		{36CD7D4D-4B55-49D2-84B6-7FC959B9A76F}.Ad-Hoc|Any CPU.ActiveCfg = Debug|ARM
		{36CD7D4D-4B55-49D2-84B6-7FC959B9A76F}.Ad-Hoc|Any CPU.Build.0 = Debug|ARM
		{36CD7D4D-4B55-49D2-84B6-7FC959B9A76F}.Ad-Hoc|Any CPU.Deploy.0 = Debug|ARM
		{36CD7D4D-4B55-49D2-84B6-7FC959B9A76F}.Ad-Hoc|ARM.ActiveCfg = Debug|ARM
		{36CD7D4D-4B55-49D2-84B6-7FC959B9A76F}.Ad-Hoc|ARM.Build.0 = Debug|ARM
		{36CD7D4D-4B55-49D2-84B6-7FC959B9A76F}.Ad-Hoc|ARM.Deploy.0 = Debug|ARM
		{36CD7D4D-4B55-49D2-84B6-7FC959B9A76F}.Ad-Hoc|iPhone.ActiveCfg = Debug|ARM
		{36CD7D4D-4B55-49D2-84B6-7FC959B9A76F}.Ad-Hoc|iPhone.Build.0 = Debug|ARM
		{36CD7D4D-4B55-49D2-84B6-7FC959B9A76F}.Ad-Hoc|iPhone.Deploy.0 = Debug|ARM
		{36CD7D4D-4B55-49D2-84B6-7FC959B9A76F}.Ad-Hoc|iPhoneSimulator.ActiveCfg = Debug|ARM
		{36CD7D4D-4B55-49D2-84B6-7FC959B9A76F}.Ad-Hoc|iPhoneSimulator.Build.0 = Debug|ARM
		{36CD7D4D-4B55-49D2-84B6-7FC959B9A76F}.Ad-Hoc|iPhoneSimulator.Deploy.0 = Debug|ARM
		{36CD7D4D-4B55-49D2-84B6-7FC959B9A76F}.Ad-Hoc|x64.ActiveCfg = Debug|x64
		{36CD7D4D-4B55-49D2-84B6-7FC959B9A76F}.Ad-Hoc|x64.Build.0 = Debug|x64
		{36CD7D4D-4B55-49D2-84B6-7FC959B9A76F}.Ad-Hoc|x64.Deploy.0 = Debug|x64
		{36CD7D4D-4B55-49D2-84B6-7FC959B9A76F}.Ad-Hoc|x86.ActiveCfg = Debug|x86
		{36CD7D4D-4B55-49D2-84B6-7FC959B9A76F}.Ad-Hoc|x86.Build.0 = Debug|x86
		{36CD7D4D-4B55-49D2-84B6-7FC959B9A76F}.Ad-Hoc|x86.Deploy.0 = Debug|x86
		{36CD7D4D-4B55-49D2-84B6-7FC959B9A76F}.AppStore|Any CPU.ActiveCfg = Debug|ARM
		{36CD7D4D-4B55-49D2-84B6-7FC959B9A76F}.AppStore|Any CPU.Build.0 = Debug|ARM
		{36CD7D4D-4B55-49D2-84B6-7FC959B9A76F}.AppStore|Any CPU.Deploy.0 = Debug|ARM
		{36CD7D4D-4B55-49D2-84B6-7FC959B9A76F}.AppStore|ARM.ActiveCfg = Debug|ARM
		{36CD7D4D-4B55-49D2-84B6-7FC959B9A76F}.AppStore|ARM.Build.0 = Debug|ARM
		{36CD7D4D-4B55-49D2-84B6-7FC959B9A76F}.AppStore|ARM.Deploy.0 = Debug|ARM
		{36CD7D4D-4B55-49D2-84B6-7FC959B9A76F}.AppStore|iPhone.ActiveCfg = Debug|ARM
		{36CD7D4D-4B55-49D2-84B6-7FC959B9A76F}.AppStore|iPhone.Build.0 = Debug|ARM
		{36CD7D4D-4B55-49D2-84B6-7FC959B9A76F}.AppStore|iPhone.Deploy.0 = Debug|ARM
		{36CD7D4D-4B55-49D2-84B6-7FC959B9A76F}.AppStore|iPhoneSimulator.ActiveCfg = Debug|ARM
		{36CD7D4D-4B55-49D2-84B6-7FC959B9A76F}.AppStore|iPhoneSimulator.Build.0 = Debug|ARM
		{36CD7D4D-4B55-49D2-84B6-7FC959B9A76F}.AppStore|iPhoneSimulator.Deploy.0 = Debug|ARM
		{36CD7D4D-4B55-49D2-84B6-7FC959B9A76F}.AppStore|x64.ActiveCfg = Debug|x64
		{36CD7D4D-4B55-49D2-84B6-7FC959B9A76F}.AppStore|x64.Build.0 = Debug|x64
		{36CD7D4D-4B55-49D2-84B6-7FC959B9A76F}.AppStore|x64.Deploy.0 = Debug|x64
		{36CD7D4D-4B55-49D2-84B6-7FC959B9A76F}.AppStore|x86.ActiveCfg = Debug|x86
		{36CD7D4D-4B55-49D2-84B6-7FC959B9A76F}.AppStore|x86.Build.0 = Debug|x86
		{36CD7D4D-4B55-49D2-84B6-7FC959B9A76F}.AppStore|x86.Deploy.0 = Debug|x86
		{36CD7D4D-4B55-49D2-84B6-7FC959B9A76F}.Debug|Any CPU.ActiveCfg = Debug|x86
		{36CD7D4D-4B55-49D2-84B6-7FC959B9A76F}.Debug|ARM.ActiveCfg = Debug|ARM
		{36CD7D4D-4B55-49D2-84B6-7FC959B9A76F}.Debug|ARM.Build.0 = Debug|ARM
		{36CD7D4D-4B55-49D2-84B6-7FC959B9A76F}.Debug|ARM.Deploy.0 = Debug|ARM
		{36CD7D4D-4B55-49D2-84B6-7FC959B9A76F}.Debug|iPhone.ActiveCfg = Debug|x86
		{36CD7D4D-4B55-49D2-84B6-7FC959B9A76F}.Debug|iPhoneSimulator.ActiveCfg = Debug|x86
		{36CD7D4D-4B55-49D2-84B6-7FC959B9A76F}.Debug|x64.ActiveCfg = Debug|x64
		{36CD7D4D-4B55-49D2-84B6-7FC959B9A76F}.Debug|x64.Build.0 = Debug|x64
		{36CD7D4D-4B55-49D2-84B6-7FC959B9A76F}.Debug|x64.Deploy.0 = Debug|x64
		{36CD7D4D-4B55-49D2-84B6-7FC959B9A76F}.Debug|x86.ActiveCfg = Debug|x86
		{36CD7D4D-4B55-49D2-84B6-7FC959B9A76F}.Debug|x86.Build.0 = Debug|x86
		{36CD7D4D-4B55-49D2-84B6-7FC959B9A76F}.Debug|x86.Deploy.0 = Debug|x86
		{36CD7D4D-4B55-49D2-84B6-7FC959B9A76F}.Release|Any CPU.ActiveCfg = Release|x86
		{36CD7D4D-4B55-49D2-84B6-7FC959B9A76F}.Release|ARM.ActiveCfg = Release|ARM
		{36CD7D4D-4B55-49D2-84B6-7FC959B9A76F}.Release|ARM.Build.0 = Release|ARM
		{36CD7D4D-4B55-49D2-84B6-7FC959B9A76F}.Release|ARM.Deploy.0 = Release|ARM
		{36CD7D4D-4B55-49D2-84B6-7FC959B9A76F}.Release|iPhone.ActiveCfg = Release|x86
		{36CD7D4D-4B55-49D2-84B6-7FC959B9A76F}.Release|iPhoneSimulator.ActiveCfg = Release|x86
		{36CD7D4D-4B55-49D2-84B6-7FC959B9A76F}.Release|x64.ActiveCfg = Release|x64
		{36CD7D4D-4B55-49D2-84B6-7FC959B9A76F}.Release|x64.Build.0 = Release|x64
		{36CD7D4D-4B55-49D2-84B6-7FC959B9A76F}.Release|x64.Deploy.0 = Release|x64
		{36CD7D4D-4B55-49D2-84B6-7FC959B9A76F}.Release|x86.ActiveCfg = Release|x86
		{36CD7D4D-4B55-49D2-84B6-7FC959B9A76F}.Release|x86.Build.0 = Release|x86
		{36CD7D4D-4B55-49D2-84B6-7FC959B9A76F}.Release|x86.Deploy.0 = Release|x86
	EndGlobalSection
	GlobalSection(SolutionProperties) = preSolution
		HideSolutionNode = FALSE
	EndGlobalSection
	GlobalSection(ExtensibilityGlobals) = postSolution
		SolutionGuid = {033E7638-5889-4BAD-9F04-728163EF481B}
	EndGlobalSection
EndGlobal
